// !$*UTF8*$!
{
	archiveVersion = 1;
	classes = {
	};
	objectVersion = 55;
	objects = {

/* Begin PBXBuildFile section */
		FE07C83A27E84CD90018049F /* Learning_AppApp.swift in Sources */ = {isa = PBXBuildFile; fileRef = FE07C83927E84CD90018049F /* Learning_AppApp.swift */; };
		FE07C83C27E84CD90018049F /* ContentView.swift in Sources */ = {isa = PBXBuildFile; fileRef = FE07C83B27E84CD90018049F /* ContentView.swift */; };
		FE07C83E27E84CDB0018049F /* Assets.xcassets in Resources */ = {isa = PBXBuildFile; fileRef = FE07C83D27E84CDB0018049F /* Assets.xcassets */; };
		FE07C84127E84CDB0018049F /* Preview Assets.xcassets in Resources */ = {isa = PBXBuildFile; fileRef = FE07C84027E84CDB0018049F /* Preview Assets.xcassets */; };
		FE108DA827F25E7400D022B1 /* Tab.swift in Sources */ = {isa = PBXBuildFile; fileRef = FE108DA727F25E7400D022B1 /* Tab.swift */; };
		FE2FFAF3281E4C29003D3696 /* ImagePicker.swift in Sources */ = {isa = PBXBuildFile; fileRef = FE2FFAF2281E4C29003D3696 /* ImagePicker.swift */; };
		FE2FFAF4281E4C29003D3696 /* VisualEffectBlur.swift in Sources */ = {isa = PBXBuildFile; fileRef = FE2FFAF1281E4C29003D3696 /* VisualEffectBlur.swift */; };
		FE2FFAF8281E5F3C003D3696 /* FirebaseAuth in Frameworks */ = {isa = PBXBuildFile; productRef = FE2FFAF7281E5F3C003D3696 /* FirebaseAuth */; };
		FE2FFAFA281E605D003D3696 /* GoogleService-Info.plist in Resources */ = {isa = PBXBuildFile; fileRef = FE2FFAF9281E605D003D3696 /* GoogleService-Info.plist */; };
		FE2FFB1D281E6F58003D3696 /* AppleButton.swift in Sources */ = {isa = PBXBuildFile; fileRef = FE2FFB1C281E6F58003D3696 /* AppleButton.swift */; };
		FE47C24927E9111E003E18BF /* Styles.swift in Sources */ = {isa = PBXBuildFile; fileRef = FE47C24827E9111E003E18BF /* Styles.swift */; };
		FE47C24D27E973D9003E18BF /* AccountView.swift in Sources */ = {isa = PBXBuildFile; fileRef = FE47C24C27E973D9003E18BF /* AccountView.swift */; };
		FE4BD05B280D9A850026C6EF /* Model.swift in Sources */ = {isa = PBXBuildFile; fileRef = FE4BD05A280D9A850026C6EF /* Model.swift */; };
		FE5627A527F0DE4700E74D05 /* HexagonView.swift in Sources */ = {isa = PBXBuildFile; fileRef = FE5627A427F0DE4700E74D05 /* HexagonView.swift */; };
		FE5627A727F2351C00E74D05 /* BlobView.swift in Sources */ = {isa = PBXBuildFile; fileRef = FE5627A627F2351C00E74D05 /* BlobView.swift */; };
		FE5627AB27F24F1C00E74D05 /* TabBar.swift in Sources */ = {isa = PBXBuildFile; fileRef = FE5627AA27F24F1C00E74D05 /* TabBar.swift */; };
		FE5F255928185AD40071CCE4 /* CircularView.swift in Sources */ = {isa = PBXBuildFile; fileRef = FE5F255828185AD40071CCE4 /* CircularView.swift */; };
		FE5F255B2818612E0071CCE4 /* CourseSection.swift in Sources */ = {isa = PBXBuildFile; fileRef = FE5F255A2818612E0071CCE4 /* CourseSection.swift */; };
		FE5F255D28186A9D0071CCE4 /* SectionRow.swift in Sources */ = {isa = PBXBuildFile; fileRef = FE5F255C28186A9D0071CCE4 /* SectionRow.swift */; };
		FE5F255F281871070071CCE4 /* SectionView.swift in Sources */ = {isa = PBXBuildFile; fileRef = FE5F255E281871070071CCE4 /* SectionView.swift */; };
		FE6BE6DE28103036002BBF83 /* SignUpView.swift in Sources */ = {isa = PBXBuildFile; fileRef = FE6BE6DD28103035002BBF83 /* SignUpView.swift */; };
		FE6BE6E028104018002BBF83 /* AngularButtonStyle.swift in Sources */ = {isa = PBXBuildFile; fileRef = FE6BE6DF28104018002BBF83 /* AngularButtonStyle.swift */; };
		FE8DEA022804964C0079386A /* HomeView.swift in Sources */ = {isa = PBXBuildFile; fileRef = FE8DEA012804964C0079386A /* HomeView.swift */; };
		FE8DEA0A28049D5B0079386A /* FeaturedItem.swift in Sources */ = {isa = PBXBuildFile; fileRef = FE8DEA0928049D5B0079386A /* FeaturedItem.swift */; };
		FE8DEA0C28049EEC0079386A /* NavigationBar.swift in Sources */ = {isa = PBXBuildFile; fileRef = FE8DEA0B28049EEC0079386A /* NavigationBar.swift */; };
		FE8DEA0E2804AD8D0079386A /* PreferenceKeys.swift in Sources */ = {isa = PBXBuildFile; fileRef = FE8DEA0D2804AD8D0079386A /* PreferenceKeys.swift */; };
		FE8DEA102805F4B00079386A /* AnimatableFontModifier.swift in Sources */ = {isa = PBXBuildFile; fileRef = FE8DEA0F2805F4B00079386A /* AnimatableFontModifier.swift */; };
		FE8DEA122805FF8A0079386A /* Course.swift in Sources */ = {isa = PBXBuildFile; fileRef = FE8DEA112805FF8A0079386A /* Course.swift */; };
		FED59370281BE05C0087FE3D /* PlayView.swift in Sources */ = {isa = PBXBuildFile; fileRef = FED5936F281BE05C0087FE3D /* PlayView.swift */; };
		FED59372281BE5310087FE3D /* ExploreView.swift in Sources */ = {isa = PBXBuildFile; fileRef = FED59371281BE5310087FE3D /* ExploreView.swift */; };
		FED59374281BE5F40087FE3D /* SmallCourseItem.swift in Sources */ = {isa = PBXBuildFile; fileRef = FED59373281BE5F40087FE3D /* SmallCourseItem.swift */; };
		FED59376281C06910087FE3D /* Handbook.swift in Sources */ = {isa = PBXBuildFile; fileRef = FED59375281C06910087FE3D /* Handbook.swift */; };
		FED59378281C06C40087FE3D /* HandbookItem.swift in Sources */ = {isa = PBXBuildFile; fileRef = FED59377281C06C40087FE3D /* HandbookItem.swift */; };
		FED5937A281C0BCB0087FE3D /* Topic.swift in Sources */ = {isa = PBXBuildFile; fileRef = FED59379281C0BCB0087FE3D /* Topic.swift */; };
		FED5937C281C0BEE0087FE3D /* ListRow.swift in Sources */ = {isa = PBXBuildFile; fileRef = FED5937B281C0BEE0087FE3D /* ListRow.swift */; };
		FED59384281C66F70087FE3D /* NotficationsView.swift in Sources */ = {isa = PBXBuildFile; fileRef = FED59383281C66F70087FE3D /* NotficationsView.swift */; };
		FED59386281C68510087FE3D /* LibraryView.swift in Sources */ = {isa = PBXBuildFile; fileRef = FED59385281C68510087FE3D /* LibraryView.swift */; };
		FED59388281C68FF0087FE3D /* CertificateView.swift in Sources */ = {isa = PBXBuildFile; fileRef = FED59387281C68FF0087FE3D /* CertificateView.swift */; };
		FED5938B281D0C680087FE3D /* Onboarding.swift in Sources */ = {isa = PBXBuildFile; fileRef = FED5938A281D0C680087FE3D /* Onboarding.swift */; };
		FED6ABC3280F216D0072A961 /* SearchView.swift in Sources */ = {isa = PBXBuildFile; fileRef = FED6ABC2280F216C0072A961 /* SearchView.swift */; };
		FED6ABC5280F2BCE0072A961 /* Suggestion.swift in Sources */ = {isa = PBXBuildFile; fileRef = FED6ABC4280F2BCE0072A961 /* Suggestion.swift */; };
		FEE21CB2281D132A00752B8C /* Wave1.swift in Sources */ = {isa = PBXBuildFile; fileRef = FEE21C94281D132700752B8C /* Wave1.swift */; };
		FEE21CB3281D132A00752B8C /* BackG1.swift in Sources */ = {isa = PBXBuildFile; fileRef = FEE21C95281D132800752B8C /* BackG1.swift */; };
		FEE21CB4281D132A00752B8C /* Line2.swift in Sources */ = {isa = PBXBuildFile; fileRef = FEE21C96281D132800752B8C /* Line2.swift */; };
		FEE21CB5281D132A00752B8C /* BlobShapeTop.swift in Sources */ = {isa = PBXBuildFile; fileRef = FEE21C97281D132800752B8C /* BlobShapeTop.swift */; };
		FEE21CB6281D132A00752B8C /* BoomerangLeft.swift in Sources */ = {isa = PBXBuildFile; fileRef = FEE21C98281D132800752B8C /* BoomerangLeft.swift */; };
		FEE21CB7281D132A00752B8C /* InsideFace4.swift in Sources */ = {isa = PBXBuildFile; fileRef = FEE21C99281D132800752B8C /* InsideFace4.swift */; };
		FEE21CB8281D132A00752B8C /* BigShape.swift in Sources */ = {isa = PBXBuildFile; fileRef = FEE21C9A281D132800752B8C /* BigShape.swift */; };
		FEE21CB9281D132A00752B8C /* AccountBackground.swift in Sources */ = {isa = PBXBuildFile; fileRef = FEE21C9B281D132800752B8C /* AccountBackground.swift */; };
		FEE21CBA281D132A00752B8C /* Wave.swift in Sources */ = {isa = PBXBuildFile; fileRef = FEE21C9C281D132800752B8C /* Wave.swift */; };
		FEE21CBB281D132A00752B8C /* YellowPlanet.swift in Sources */ = {isa = PBXBuildFile; fileRef = FEE21C9D281D132800752B8C /* YellowPlanet.swift */; };
		FEE21CBC281D132A00752B8C /* InsideFace1.swift in Sources */ = {isa = PBXBuildFile; fileRef = FEE21C9E281D132800752B8C /* InsideFace1.swift */; };
		FEE21CBD281D132A00752B8C /* Line1.swift in Sources */ = {isa = PBXBuildFile; fileRef = FEE21C9F281D132800752B8C /* Line1.swift */; };
		FEE21CBE281D132A00752B8C /* BoomerangLeftTop.swift in Sources */ = {isa = PBXBuildFile; fileRef = FEE21CA0281D132800752B8C /* BoomerangLeftTop.swift */; };
		FEE21CBF281D132A00752B8C /* Blob2Graphic.swift in Sources */ = {isa = PBXBuildFile; fileRef = FEE21CA1281D132800752B8C /* Blob2Graphic.swift */; };
		FEE21CC0281D132A00752B8C /* BackG3.swift in Sources */ = {isa = PBXBuildFile; fileRef = FEE21CA2281D132900752B8C /* BackG3.swift */; };
		FEE21CC1281D132A00752B8C /* InsideFace3.swift in Sources */ = {isa = PBXBuildFile; fileRef = FEE21CA3281D132900752B8C /* InsideFace3.swift */; };
		FEE21CC2281D132A00752B8C /* RedPlanet.swift in Sources */ = {isa = PBXBuildFile; fileRef = FEE21CA4281D132900752B8C /* RedPlanet.swift */; };
		FEE21CC3281D132A00752B8C /* InsideFace2.swift in Sources */ = {isa = PBXBuildFile; fileRef = FEE21CA5281D132900752B8C /* InsideFace2.swift */; };
		FEE21CC4281D132A00752B8C /* BackG2.swift in Sources */ = {isa = PBXBuildFile; fileRef = FEE21CA6281D132900752B8C /* BackG2.swift */; };
		FEE21CC5281D132A00752B8C /* Stars.swift in Sources */ = {isa = PBXBuildFile; fileRef = FEE21CA7281D132900752B8C /* Stars.swift */; };
		FEE21CC6281D132A00752B8C /* BoomerangRight.swift in Sources */ = {isa = PBXBuildFile; fileRef = FEE21CA8281D132900752B8C /* BoomerangRight.swift */; };
		FEE21CC7281D132A00752B8C /* Blob3Graphic.swift in Sources */ = {isa = PBXBuildFile; fileRef = FEE21CA9281D132900752B8C /* Blob3Graphic.swift */; };
		FEE21CC8281D132A00752B8C /* MaskBlur.swift in Sources */ = {isa = PBXBuildFile; fileRef = FEE21CAA281D132900752B8C /* MaskBlur.swift */; };
		FEE21CC9281D132A00752B8C /* BackgroundShapes.swift in Sources */ = {isa = PBXBuildFile; fileRef = FEE21CAB281D132900752B8C /* BackgroundShapes.swift */; };
		FEE21CCA281D132A00752B8C /* BoomerangBG.swift in Sources */ = {isa = PBXBuildFile; fileRef = FEE21CAC281D132900752B8C /* BoomerangBG.swift */; };
		FEE21CCB281D132A00752B8C /* PurplePlanet.swift in Sources */ = {isa = PBXBuildFile; fileRef = FEE21CAD281D132900752B8C /* PurplePlanet.swift */; };
		FEE21CCC281D132A00752B8C /* BG4.swift in Sources */ = {isa = PBXBuildFile; fileRef = FEE21CAE281D132900752B8C /* BG4.swift */; };
		FEE21CCD281D132A00752B8C /* Blob1Graphic.swift in Sources */ = {isa = PBXBuildFile; fileRef = FEE21CAF281D132900752B8C /* Blob1Graphic.swift */; };
		FEE21CCE281D132A00752B8C /* InsideFace5.swift in Sources */ = {isa = PBXBuildFile; fileRef = FEE21CB0281D132A00752B8C /* InsideFace5.swift */; };
		FEE21CCF281D132A00752B8C /* FaceGraphic.swift in Sources */ = {isa = PBXBuildFile; fileRef = FEE21CB1281D132A00752B8C /* FaceGraphic.swift */; };
		FEE21CD2281D145F00752B8C /* SwiftUIX in Frameworks */ = {isa = PBXBuildFile; productRef = FEE21CD1281D145F00752B8C /* SwiftUIX */; };
		FEE21CD6281D374C00752B8C /* Card.swift in Sources */ = {isa = PBXBuildFile; fileRef = FEE21CD5281D374C00752B8C /* Card.swift */; };
		FEE21CDA281D40A400752B8C /* OnboardingCard.swift in Sources */ = {isa = PBXBuildFile; fileRef = FEE21CD9281D40A400752B8C /* OnboardingCard.swift */; };
		FEE2AC3F280AE33200FD9C2B /* CourseItem.swift in Sources */ = {isa = PBXBuildFile; fileRef = FEE2AC3E280AE33200FD9C2B /* CourseItem.swift */; };
		FEE2AC41280AE43000FD9C2B /*  .swift in Sources */ = {isa = PBXBuildFile; fileRef = FEE2AC40280AE43000FD9C2B /*  .swift */; };
		FEE2AC43280AEE1500FD9C2B /* Animations.swift in Sources */ = {isa = PBXBuildFile; fileRef = FEE2AC42280AEE1500FD9C2B /* Animations.swift */; };
		FEE5DE9A281306190088583F /* InputFile.swift in Sources */ = {isa = PBXBuildFile; fileRef = FEE5DE99281306180088583F /* InputFile.swift */; };
		FEE5DE9C281321E90088583F /* GradientText.swift in Sources */ = {isa = PBXBuildFile; fileRef = FEE5DE9B281321E90088583F /* GradientText.swift */; };
		FEE5DE9E28136E300088583F /* ModalView.swift in Sources */ = {isa = PBXBuildFile; fileRef = FEE5DE9D28136E300088583F /* ModalView.swift */; };
		FEE5DEA028136F100088583F /* SignInView.swift in Sources */ = {isa = PBXBuildFile; fileRef = FEE5DE9F28136F100088583F /* SignInView.swift */; };
		FEE5DEA328145CE70088583F /* AvatarView.swift in Sources */ = {isa = PBXBuildFile; fileRef = FEE5DEA228145CE60088583F /* AvatarView.swift */; };
/* End PBXBuildFile section */

/* Begin PBXFileReference section */
		FE07C83627E84CD90018049F /* Learning App.app */ = {isa = PBXFileReference; explicitFileType = wrapper.application; includeInIndex = 0; path = "Learning App.app"; sourceTree = BUILT_PRODUCTS_DIR; };
		FE07C83927E84CD90018049F /* Learning_AppApp.swift */ = {isa = PBXFileReference; lastKnownFileType = sourcecode.swift; path = Learning_AppApp.swift; sourceTree = "<group>"; };
		FE07C83B27E84CD90018049F /* ContentView.swift */ = {isa = PBXFileReference; lastKnownFileType = sourcecode.swift; path = ContentView.swift; sourceTree = "<group>"; };
		FE07C83D27E84CDB0018049F /* Assets.xcassets */ = {isa = PBXFileReference; lastKnownFileType = folder.assetcatalog; path = Assets.xcassets; sourceTree = "<group>"; };
		FE07C84027E84CDB0018049F /* Preview Assets.xcassets */ = {isa = PBXFileReference; lastKnownFileType = folder.assetcatalog; path = "Preview Assets.xcassets"; sourceTree = "<group>"; };
		FE108DA727F25E7400D022B1 /* Tab.swift */ = {isa = PBXFileReference; lastKnownFileType = sourcecode.swift; path = Tab.swift; sourceTree = "<group>"; };
		FE2FFAF1281E4C29003D3696 /* VisualEffectBlur.swift */ = {isa = PBXFileReference; lastKnownFileType = sourcecode.swift; path = VisualEffectBlur.swift; sourceTree = "<group>"; };
		FE2FFAF2281E4C29003D3696 /* ImagePicker.swift */ = {isa = PBXFileReference; lastKnownFileType = sourcecode.swift; path = ImagePicker.swift; sourceTree = "<group>"; };
		FE2FFAF9281E605D003D3696 /* GoogleService-Info.plist */ = {isa = PBXFileReference; fileEncoding = 4; lastKnownFileType = text.plist.xml; path = "GoogleService-Info.plist"; sourceTree = "<group>"; };
		FE2FFB1C281E6F58003D3696 /* AppleButton.swift */ = {isa = PBXFileReference; lastKnownFileType = sourcecode.swift; path = AppleButton.swift; sourceTree = "<group>"; };
		FE47C24827E9111E003E18BF /* Styles.swift */ = {isa = PBXFileReference; lastKnownFileType = sourcecode.swift; path = Styles.swift; sourceTree = "<group>"; };
		FE47C24C27E973D9003E18BF /* AccountView.swift */ = {isa = PBXFileReference; lastKnownFileType = sourcecode.swift; path = AccountView.swift; sourceTree = "<group>"; };
		FE4BD05A280D9A850026C6EF /* Model.swift */ = {isa = PBXFileReference; lastKnownFileType = sourcecode.swift; path = Model.swift; sourceTree = "<group>"; };
		FE5627A427F0DE4700E74D05 /* HexagonView.swift */ = {isa = PBXFileReference; lastKnownFileType = sourcecode.swift; path = HexagonView.swift; sourceTree = "<group>"; };
		FE5627A627F2351C00E74D05 /* BlobView.swift */ = {isa = PBXFileReference; lastKnownFileType = sourcecode.swift; path = BlobView.swift; sourceTree = "<group>"; };
		FE5627AA27F24F1C00E74D05 /* TabBar.swift */ = {isa = PBXFileReference; lastKnownFileType = sourcecode.swift; path = TabBar.swift; sourceTree = "<group>"; };
		FE5F255828185AD40071CCE4 /* CircularView.swift */ = {isa = PBXFileReference; lastKnownFileType = sourcecode.swift; path = CircularView.swift; sourceTree = "<group>"; };
		FE5F255A2818612E0071CCE4 /* CourseSection.swift */ = {isa = PBXFileReference; lastKnownFileType = sourcecode.swift; path = CourseSection.swift; sourceTree = "<group>"; };
		FE5F255C28186A9D0071CCE4 /* SectionRow.swift */ = {isa = PBXFileReference; lastKnownFileType = sourcecode.swift; path = SectionRow.swift; sourceTree = "<group>"; };
		FE5F255E281871070071CCE4 /* SectionView.swift */ = {isa = PBXFileReference; lastKnownFileType = sourcecode.swift; path = SectionView.swift; sourceTree = "<group>"; };
		FE6BE6DD28103035002BBF83 /* SignUpView.swift */ = {isa = PBXFileReference; lastKnownFileType = sourcecode.swift; path = SignUpView.swift; sourceTree = "<group>"; };
		FE6BE6DF28104018002BBF83 /* AngularButtonStyle.swift */ = {isa = PBXFileReference; lastKnownFileType = sourcecode.swift; path = AngularButtonStyle.swift; sourceTree = "<group>"; };
		FE8DEA012804964C0079386A /* HomeView.swift */ = {isa = PBXFileReference; lastKnownFileType = sourcecode.swift; path = HomeView.swift; sourceTree = "<group>"; };
		FE8DEA0928049D5B0079386A /* FeaturedItem.swift */ = {isa = PBXFileReference; lastKnownFileType = sourcecode.swift; path = FeaturedItem.swift; sourceTree = "<group>"; };
		FE8DEA0B28049EEC0079386A /* NavigationBar.swift */ = {isa = PBXFileReference; lastKnownFileType = sourcecode.swift; path = NavigationBar.swift; sourceTree = "<group>"; };
		FE8DEA0D2804AD8D0079386A /* PreferenceKeys.swift */ = {isa = PBXFileReference; lastKnownFileType = sourcecode.swift; path = PreferenceKeys.swift; sourceTree = "<group>"; };
		FE8DEA0F2805F4B00079386A /* AnimatableFontModifier.swift */ = {isa = PBXFileReference; lastKnownFileType = sourcecode.swift; path = AnimatableFontModifier.swift; sourceTree = "<group>"; };
		FE8DEA112805FF8A0079386A /* Course.swift */ = {isa = PBXFileReference; lastKnownFileType = sourcecode.swift; path = Course.swift; sourceTree = "<group>"; };
		FED5936F281BE05C0087FE3D /* PlayView.swift */ = {isa = PBXFileReference; lastKnownFileType = sourcecode.swift; path = PlayView.swift; sourceTree = "<group>"; };
		FED59371281BE5310087FE3D /* ExploreView.swift */ = {isa = PBXFileReference; lastKnownFileType = sourcecode.swift; path = ExploreView.swift; sourceTree = "<group>"; };
		FED59373281BE5F40087FE3D /* SmallCourseItem.swift */ = {isa = PBXFileReference; lastKnownFileType = sourcecode.swift; path = SmallCourseItem.swift; sourceTree = "<group>"; };
		FED59375281C06910087FE3D /* Handbook.swift */ = {isa = PBXFileReference; lastKnownFileType = sourcecode.swift; path = Handbook.swift; sourceTree = "<group>"; };
		FED59377281C06C40087FE3D /* HandbookItem.swift */ = {isa = PBXFileReference; lastKnownFileType = sourcecode.swift; path = HandbookItem.swift; sourceTree = "<group>"; };
		FED59379281C0BCB0087FE3D /* Topic.swift */ = {isa = PBXFileReference; lastKnownFileType = sourcecode.swift; path = Topic.swift; sourceTree = "<group>"; };
		FED5937B281C0BEE0087FE3D /* ListRow.swift */ = {isa = PBXFileReference; lastKnownFileType = sourcecode.swift; path = ListRow.swift; sourceTree = "<group>"; };
		FED59383281C66F70087FE3D /* NotficationsView.swift */ = {isa = PBXFileReference; lastKnownFileType = sourcecode.swift; path = NotficationsView.swift; sourceTree = "<group>"; };
		FED59385281C68510087FE3D /* LibraryView.swift */ = {isa = PBXFileReference; lastKnownFileType = sourcecode.swift; path = LibraryView.swift; sourceTree = "<group>"; };
		FED59387281C68FF0087FE3D /* CertificateView.swift */ = {isa = PBXFileReference; lastKnownFileType = sourcecode.swift; path = CertificateView.swift; sourceTree = "<group>"; };
		FED5938A281D0C680087FE3D /* Onboarding.swift */ = {isa = PBXFileReference; lastKnownFileType = sourcecode.swift; path = Onboarding.swift; sourceTree = "<group>"; };
		FED6ABC2280F216C0072A961 /* SearchView.swift */ = {isa = PBXFileReference; lastKnownFileType = sourcecode.swift; path = SearchView.swift; sourceTree = "<group>"; };
		FED6ABC4280F2BCE0072A961 /* Suggestion.swift */ = {isa = PBXFileReference; lastKnownFileType = sourcecode.swift; path = Suggestion.swift; sourceTree = "<group>"; };
		FEE21C94281D132700752B8C /* Wave1.swift */ = {isa = PBXFileReference; fileEncoding = 4; lastKnownFileType = sourcecode.swift; path = Wave1.swift; sourceTree = "<group>"; };
		FEE21C95281D132800752B8C /* BackG1.swift */ = {isa = PBXFileReference; fileEncoding = 4; lastKnownFileType = sourcecode.swift; path = BackG1.swift; sourceTree = "<group>"; };
		FEE21C96281D132800752B8C /* Line2.swift */ = {isa = PBXFileReference; fileEncoding = 4; lastKnownFileType = sourcecode.swift; path = Line2.swift; sourceTree = "<group>"; };
		FEE21C97281D132800752B8C /* BlobShapeTop.swift */ = {isa = PBXFileReference; fileEncoding = 4; lastKnownFileType = sourcecode.swift; path = BlobShapeTop.swift; sourceTree = "<group>"; };
		FEE21C98281D132800752B8C /* BoomerangLeft.swift */ = {isa = PBXFileReference; fileEncoding = 4; lastKnownFileType = sourcecode.swift; path = BoomerangLeft.swift; sourceTree = "<group>"; };
		FEE21C99281D132800752B8C /* InsideFace4.swift */ = {isa = PBXFileReference; fileEncoding = 4; lastKnownFileType = sourcecode.swift; path = InsideFace4.swift; sourceTree = "<group>"; };
		FEE21C9A281D132800752B8C /* BigShape.swift */ = {isa = PBXFileReference; fileEncoding = 4; lastKnownFileType = sourcecode.swift; path = BigShape.swift; sourceTree = "<group>"; };
		FEE21C9B281D132800752B8C /* AccountBackground.swift */ = {isa = PBXFileReference; fileEncoding = 4; lastKnownFileType = sourcecode.swift; path = AccountBackground.swift; sourceTree = "<group>"; };
		FEE21C9C281D132800752B8C /* Wave.swift */ = {isa = PBXFileReference; fileEncoding = 4; lastKnownFileType = sourcecode.swift; path = Wave.swift; sourceTree = "<group>"; };
		FEE21C9D281D132800752B8C /* YellowPlanet.swift */ = {isa = PBXFileReference; fileEncoding = 4; lastKnownFileType = sourcecode.swift; path = YellowPlanet.swift; sourceTree = "<group>"; };
		FEE21C9E281D132800752B8C /* InsideFace1.swift */ = {isa = PBXFileReference; fileEncoding = 4; lastKnownFileType = sourcecode.swift; path = InsideFace1.swift; sourceTree = "<group>"; };
		FEE21C9F281D132800752B8C /* Line1.swift */ = {isa = PBXFileReference; fileEncoding = 4; lastKnownFileType = sourcecode.swift; path = Line1.swift; sourceTree = "<group>"; };
		FEE21CA0281D132800752B8C /* BoomerangLeftTop.swift */ = {isa = PBXFileReference; fileEncoding = 4; lastKnownFileType = sourcecode.swift; path = BoomerangLeftTop.swift; sourceTree = "<group>"; };
		FEE21CA1281D132800752B8C /* Blob2Graphic.swift */ = {isa = PBXFileReference; fileEncoding = 4; lastKnownFileType = sourcecode.swift; path = Blob2Graphic.swift; sourceTree = "<group>"; };
		FEE21CA2281D132900752B8C /* BackG3.swift */ = {isa = PBXFileReference; fileEncoding = 4; lastKnownFileType = sourcecode.swift; path = BackG3.swift; sourceTree = "<group>"; };
		FEE21CA3281D132900752B8C /* InsideFace3.swift */ = {isa = PBXFileReference; fileEncoding = 4; lastKnownFileType = sourcecode.swift; path = InsideFace3.swift; sourceTree = "<group>"; };
		FEE21CA4281D132900752B8C /* RedPlanet.swift */ = {isa = PBXFileReference; fileEncoding = 4; lastKnownFileType = sourcecode.swift; path = RedPlanet.swift; sourceTree = "<group>"; };
		FEE21CA5281D132900752B8C /* InsideFace2.swift */ = {isa = PBXFileReference; fileEncoding = 4; lastKnownFileType = sourcecode.swift; path = InsideFace2.swift; sourceTree = "<group>"; };
		FEE21CA6281D132900752B8C /* BackG2.swift */ = {isa = PBXFileReference; fileEncoding = 4; lastKnownFileType = sourcecode.swift; path = BackG2.swift; sourceTree = "<group>"; };
		FEE21CA7281D132900752B8C /* Stars.swift */ = {isa = PBXFileReference; fileEncoding = 4; lastKnownFileType = sourcecode.swift; path = Stars.swift; sourceTree = "<group>"; };
		FEE21CA8281D132900752B8C /* BoomerangRight.swift */ = {isa = PBXFileReference; fileEncoding = 4; lastKnownFileType = sourcecode.swift; path = BoomerangRight.swift; sourceTree = "<group>"; };
		FEE21CA9281D132900752B8C /* Blob3Graphic.swift */ = {isa = PBXFileReference; fileEncoding = 4; lastKnownFileType = sourcecode.swift; path = Blob3Graphic.swift; sourceTree = "<group>"; };
		FEE21CAA281D132900752B8C /* MaskBlur.swift */ = {isa = PBXFileReference; fileEncoding = 4; lastKnownFileType = sourcecode.swift; path = MaskBlur.swift; sourceTree = "<group>"; };
		FEE21CAB281D132900752B8C /* BackgroundShapes.swift */ = {isa = PBXFileReference; fileEncoding = 4; lastKnownFileType = sourcecode.swift; path = BackgroundShapes.swift; sourceTree = "<group>"; };
		FEE21CAC281D132900752B8C /* BoomerangBG.swift */ = {isa = PBXFileReference; fileEncoding = 4; lastKnownFileType = sourcecode.swift; path = BoomerangBG.swift; sourceTree = "<group>"; };
		FEE21CAD281D132900752B8C /* PurplePlanet.swift */ = {isa = PBXFileReference; fileEncoding = 4; lastKnownFileType = sourcecode.swift; path = PurplePlanet.swift; sourceTree = "<group>"; };
		FEE21CAE281D132900752B8C /* BG4.swift */ = {isa = PBXFileReference; fileEncoding = 4; lastKnownFileType = sourcecode.swift; path = BG4.swift; sourceTree = "<group>"; };
		FEE21CAF281D132900752B8C /* Blob1Graphic.swift */ = {isa = PBXFileReference; fileEncoding = 4; lastKnownFileType = sourcecode.swift; path = Blob1Graphic.swift; sourceTree = "<group>"; };
		FEE21CB0281D132A00752B8C /* InsideFace5.swift */ = {isa = PBXFileReference; fileEncoding = 4; lastKnownFileType = sourcecode.swift; path = InsideFace5.swift; sourceTree = "<group>"; };
		FEE21CB1281D132A00752B8C /* FaceGraphic.swift */ = {isa = PBXFileReference; fileEncoding = 4; lastKnownFileType = sourcecode.swift; path = FaceGraphic.swift; sourceTree = "<group>"; };
		FEE21CD5281D374C00752B8C /* Card.swift */ = {isa = PBXFileReference; lastKnownFileType = sourcecode.swift; path = Card.swift; sourceTree = "<group>"; };
		FEE21CD9281D40A400752B8C /* OnboardingCard.swift */ = {isa = PBXFileReference; lastKnownFileType = sourcecode.swift; path = OnboardingCard.swift; sourceTree = "<group>"; };
		FEE2AC3E280AE33200FD9C2B /* CourseItem.swift */ = {isa = PBXFileReference; lastKnownFileType = sourcecode.swift; path = CourseItem.swift; sourceTree = "<group>"; };
		FEE2AC40280AE43000FD9C2B /*  .swift */ = {isa = PBXFileReference; lastKnownFileType = sourcecode.swift; path = " .swift"; sourceTree = "<group>"; };
		FEE2AC42280AEE1500FD9C2B /* Animations.swift */ = {isa = PBXFileReference; lastKnownFileType = sourcecode.swift; path = Animations.swift; sourceTree = "<group>"; };
		FEE5DE99281306180088583F /* InputFile.swift */ = {isa = PBXFileReference; lastKnownFileType = sourcecode.swift; path = InputFile.swift; sourceTree = "<group>"; };
		FEE5DE9B281321E90088583F /* GradientText.swift */ = {isa = PBXFileReference; lastKnownFileType = sourcecode.swift; path = GradientText.swift; sourceTree = "<group>"; };
		FEE5DE9D28136E300088583F /* ModalView.swift */ = {isa = PBXFileReference; lastKnownFileType = sourcecode.swift; path = ModalView.swift; sourceTree = "<group>"; };
		FEE5DE9F28136F100088583F /* SignInView.swift */ = {isa = PBXFileReference; lastKnownFileType = sourcecode.swift; path = SignInView.swift; sourceTree = "<group>"; };
		FEE5DEA228145CE60088583F /* AvatarView.swift */ = {isa = PBXFileReference; lastKnownFileType = sourcecode.swift; path = AvatarView.swift; sourceTree = "<group>"; };
/* End PBXFileReference section */

/* Begin PBXFrameworksBuildPhase section */
		FE07C83327E84CD80018049F /* Frameworks */ = {
			isa = PBXFrameworksBuildPhase;
			buildActionMask = 2147483647;
			files = (
				FEE21CD2281D145F00752B8C /* SwiftUIX in Frameworks */,
				FE2FFAF8281E5F3C003D3696 /* FirebaseAuth in Frameworks */,
			);
			runOnlyForDeploymentPostprocessing = 0;
		};
/* End PBXFrameworksBuildPhase section */

/* Begin PBXGroup section */
		FE07C82D27E84CD80018049F = {
			isa = PBXGroup;
			children = (
				FE07C83827E84CD90018049F /* Learning App */,
				FE07C83727E84CD90018049F /* Products */,
			);
			sourceTree = "<group>";
		};
		FE07C83727E84CD90018049F /* Products */ = {
			isa = PBXGroup;
			children = (
				FE07C83627E84CD90018049F /* Learning App.app */,
			);
			name = Products;
			sourceTree = "<group>";
		};
		FE07C83827E84CD90018049F /* Learning App */ = {
			isa = PBXGroup;
			children = (
				FE07C83927E84CD90018049F /* Learning_AppApp.swift */,
				FE8DEA032804984C0079386A /* Navigation */,
				FE8DEA04280498750079386A /* Views */,
				FE8DEA072804989C0079386A /* Models */,
				FE8DEA05280498860079386A /* Components */,
				FE8DEA062804988F0079386A /* Styles */,
				FED59389281D0C0D0087FE3D /* Onboarding */,
				FE2FFAF5281E4C3B003D3696 /* Helpers */,
				FE07C83D27E84CDB0018049F /* Assets.xcassets */,
				FE2FFAF9281E605D003D3696 /* GoogleService-Info.plist */,
				FE07C83F27E84CDB0018049F /* Preview Content */,
			);
			path = "Learning App";
			sourceTree = "<group>";
		};
		FE07C83F27E84CDB0018049F /* Preview Content */ = {
			isa = PBXGroup;
			children = (
				FE07C84027E84CDB0018049F /* Preview Assets.xcassets */,
			);
			path = "Preview Content";
			sourceTree = "<group>";
		};
		FE2FFAF5281E4C3B003D3696 /* Helpers */ = {
			isa = PBXGroup;
			children = (
				FE2FFAF2281E4C29003D3696 /* ImagePicker.swift */,
				FE2FFAF1281E4C29003D3696 /* VisualEffectBlur.swift */,
			);
			path = Helpers;
			sourceTree = "<group>";
		};
		FE8DEA032804984C0079386A /* Navigation */ = {
			isa = PBXGroup;
			children = (
				FE07C83B27E84CD90018049F /* ContentView.swift */,
				FE5627AA27F24F1C00E74D05 /* TabBar.swift */,
				FE8DEA0B28049EEC0079386A /* NavigationBar.swift */,
			);
			path = Navigation;
			sourceTree = "<group>";
		};
		FE8DEA04280498750079386A /* Views */ = {
			isa = PBXGroup;
			children = (
				FED5937D281C0D5C0087FE3D /* Main */,
				FED5937F281C0D8D0087FE3D /* Detail */,
				FED5937E281C0D780087FE3D /* Sheets */,
				FEE5DEA128137A0E0088583F /* Modals */,
			);
			path = Views;
			sourceTree = "<group>";
		};
		FE8DEA05280498860079386A /* Components */ = {
			isa = PBXGroup;
			children = (
				FED59380281C0DDB0087FE3D /* Items */,
				FED59381281C0DEE0087FE3D /* Buttons */,
				FED59382281C0E000087FE3D /* Graphics */,
			);
			path = Components;
			sourceTree = "<group>";
		};
		FE8DEA062804988F0079386A /* Styles */ = {
			isa = PBXGroup;
			children = (
				FE47C24827E9111E003E18BF /* Styles.swift */,
				FE8DEA0F2805F4B00079386A /* AnimatableFontModifier.swift */,
				FEE2AC42280AEE1500FD9C2B /* Animations.swift */,
				FE6BE6DF28104018002BBF83 /* AngularButtonStyle.swift */,
				FEE5DE99281306180088583F /* InputFile.swift */,
				FEE5DE9B281321E90088583F /* GradientText.swift */,
			);
			path = Styles;
			sourceTree = "<group>";
		};
		FE8DEA072804989C0079386A /* Models */ = {
			isa = PBXGroup;
			children = (
				FE108DA727F25E7400D022B1 /* Tab.swift */,
				FE8DEA0D2804AD8D0079386A /* PreferenceKeys.swift */,
				FE8DEA112805FF8A0079386A /* Course.swift */,
				FE4BD05A280D9A850026C6EF /* Model.swift */,
				FED6ABC4280F2BCE0072A961 /* Suggestion.swift */,
				FE5F255A2818612E0071CCE4 /* CourseSection.swift */,
				FED59375281C06910087FE3D /* Handbook.swift */,
				FED59379281C0BCB0087FE3D /* Topic.swift */,
				FEE21CD5281D374C00752B8C /* Card.swift */,
			);
			path = Models;
			sourceTree = "<group>";
		};
		FED5937D281C0D5C0087FE3D /* Main */ = {
			isa = PBXGroup;
			children = (
				FE8DEA012804964C0079386A /* HomeView.swift */,
				FED59371281BE5310087FE3D /* ExploreView.swift */,
				FED59383281C66F70087FE3D /* NotficationsView.swift */,
				FED59385281C68510087FE3D /* LibraryView.swift */,
			);
			path = Main;
			sourceTree = "<group>";
		};
		FED5937E281C0D780087FE3D /* Sheets */ = {
			isa = PBXGroup;
			children = (
				FE47C24C27E973D9003E18BF /* AccountView.swift */,
				FED6ABC2280F216C0072A961 /* SearchView.swift */,
			);
			path = Sheets;
			sourceTree = "<group>";
		};
		FED5937F281C0D8D0087FE3D /* Detail */ = {
			isa = PBXGroup;
			children = (
				FEE2AC40280AE43000FD9C2B /*  .swift */,
				FE5F255E281871070071CCE4 /* SectionView.swift */,
			);
			path = Detail;
			sourceTree = "<group>";
		};
		FED59380281C0DDB0087FE3D /* Items */ = {
			isa = PBXGroup;
			children = (
				FE8DEA0928049D5B0079386A /* FeaturedItem.swift */,
				FEE2AC3E280AE33200FD9C2B /* CourseItem.swift */,
				FE5F255C28186A9D0071CCE4 /* SectionRow.swift */,
				FED59373281BE5F40087FE3D /* SmallCourseItem.swift */,
				FED59377281C06C40087FE3D /* HandbookItem.swift */,
				FED5937B281C0BEE0087FE3D /* ListRow.swift */,
				FED59387281C68FF0087FE3D /* CertificateView.swift */,
			);
			path = Items;
			sourceTree = "<group>";
		};
		FED59381281C0DEE0087FE3D /* Buttons */ = {
			isa = PBXGroup;
			children = (
				FEE5DEA228145CE60088583F /* AvatarView.swift */,
				FED5936F281BE05C0087FE3D /* PlayView.swift */,
				FE2FFB1C281E6F58003D3696 /* AppleButton.swift */,
			);
			path = Buttons;
			sourceTree = "<group>";
		};
		FED59382281C0E000087FE3D /* Graphics */ = {
			isa = PBXGroup;
			children = (
				FE5627A427F0DE4700E74D05 /* HexagonView.swift */,
				FE5627A627F2351C00E74D05 /* BlobView.swift */,
				FE5F255828185AD40071CCE4 /* CircularView.swift */,
			);
			path = Graphics;
			sourceTree = "<group>";
		};
		FED59389281D0C0D0087FE3D /* Onboarding */ = {
			isa = PBXGroup;
			children = (
				FEE21C93281D12EF00752B8C /* Graphics */,
				FED5938A281D0C680087FE3D /* Onboarding.swift */,
				FEE21CD9281D40A400752B8C /* OnboardingCard.swift */,
			);
			path = Onboarding;
			sourceTree = "<group>";
		};
		FEE21C93281D12EF00752B8C /* Graphics */ = {
			isa = PBXGroup;
			children = (
				FEE21C9B281D132800752B8C /* AccountBackground.swift */,
				FEE21C95281D132800752B8C /* BackG1.swift */,
				FEE21CA6281D132900752B8C /* BackG2.swift */,
				FEE21CA2281D132900752B8C /* BackG3.swift */,
				FEE21CAB281D132900752B8C /* BackgroundShapes.swift */,
				FEE21CAE281D132900752B8C /* BG4.swift */,
				FEE21C9A281D132800752B8C /* BigShape.swift */,
				FEE21CAF281D132900752B8C /* Blob1Graphic.swift */,
				FEE21CA1281D132800752B8C /* Blob2Graphic.swift */,
				FEE21CA9281D132900752B8C /* Blob3Graphic.swift */,
				FEE21C97281D132800752B8C /* BlobShapeTop.swift */,
				FEE21CAC281D132900752B8C /* BoomerangBG.swift */,
				FEE21C98281D132800752B8C /* BoomerangLeft.swift */,
				FEE21CA0281D132800752B8C /* BoomerangLeftTop.swift */,
				FEE21CA8281D132900752B8C /* BoomerangRight.swift */,
				FEE21CB1281D132A00752B8C /* FaceGraphic.swift */,
				FEE21C9E281D132800752B8C /* InsideFace1.swift */,
				FEE21CA5281D132900752B8C /* InsideFace2.swift */,
				FEE21CA3281D132900752B8C /* InsideFace3.swift */,
				FEE21C99281D132800752B8C /* InsideFace4.swift */,
				FEE21CB0281D132A00752B8C /* InsideFace5.swift */,
				FEE21C9F281D132800752B8C /* Line1.swift */,
				FEE21C96281D132800752B8C /* Line2.swift */,
				FEE21CAA281D132900752B8C /* MaskBlur.swift */,
				FEE21CAD281D132900752B8C /* PurplePlanet.swift */,
				FEE21CA4281D132900752B8C /* RedPlanet.swift */,
				FEE21CA7281D132900752B8C /* Stars.swift */,
				FEE21C9C281D132800752B8C /* Wave.swift */,
				FEE21C94281D132700752B8C /* Wave1.swift */,
				FEE21C9D281D132800752B8C /* YellowPlanet.swift */,
			);
			path = Graphics;
			sourceTree = "<group>";
		};
		FEE5DEA128137A0E0088583F /* Modals */ = {
			isa = PBXGroup;
			children = (
				FE6BE6DD28103035002BBF83 /* SignUpView.swift */,
				FEE5DE9F28136F100088583F /* SignInView.swift */,
				FEE5DE9D28136E300088583F /* ModalView.swift */,
			);
			path = Modals;
			sourceTree = "<group>";
		};
/* End PBXGroup section */

/* Begin PBXNativeTarget section */
		FE07C83527E84CD80018049F /* Learning App */ = {
			isa = PBXNativeTarget;
			buildConfigurationList = FE07C84427E84CDB0018049F /* Build configuration list for PBXNativeTarget "Learning App" */;
			buildPhases = (
				FE07C83227E84CD80018049F /* Sources */,
				FE07C83327E84CD80018049F /* Frameworks */,
				FE07C83427E84CD80018049F /* Resources */,
			);
			buildRules = (
			);
			dependencies = (
			);
			name = "Learning App";
			packageProductDependencies = (
				FEE21CD1281D145F00752B8C /* SwiftUIX */,
				FE2FFAF7281E5F3C003D3696 /* FirebaseAuth */,
			);
			productName = "Learning App";
			productReference = FE07C83627E84CD90018049F /* Learning App.app */;
			productType = "com.apple.product-type.application";
		};
/* End PBXNativeTarget section */

/* Begin PBXProject section */
		FE07C82E27E84CD80018049F /* Project object */ = {
			isa = PBXProject;
			attributes = {
				BuildIndependentTargetsInParallel = 1;
				LastSwiftUpdateCheck = 1320;
				LastUpgradeCheck = 1320;
				TargetAttributes = {
					FE07C83527E84CD80018049F = {
						CreatedOnToolsVersion = 13.2.1;
					};
				};
			};
			buildConfigurationList = FE07C83127E84CD80018049F /* Build configuration list for PBXProject "Learning App" */;
			compatibilityVersion = "Xcode 13.0";
			developmentRegion = en;
			hasScannedForEncodings = 0;
			knownRegions = (
				en,
				Base,
			);
			mainGroup = FE07C82D27E84CD80018049F;
			packageReferences = (
				FEE21CD0281D145F00752B8C /* XCRemoteSwiftPackageReference "SwiftUIX" */,
				FE2FFAF6281E5F3C003D3696 /* XCRemoteSwiftPackageReference "firebase-ios-sdk" */,
			);
			productRefGroup = FE07C83727E84CD90018049F /* Products */;
			projectDirPath = "";
			projectRoot = "";
			targets = (
				FE07C83527E84CD80018049F /* Learning App */,
			);
		};
/* End PBXProject section */

/* Begin PBXResourcesBuildPhase section */
		FE07C83427E84CD80018049F /* Resources */ = {
			isa = PBXResourcesBuildPhase;
			buildActionMask = 2147483647;
			files = (
				FE07C84127E84CDB0018049F /* Preview Assets.xcassets in Resources */,
				FE07C83E27E84CDB0018049F /* Assets.xcassets in Resources */,
				FE2FFAFA281E605D003D3696 /* GoogleService-Info.plist in Resources */,
			);
			runOnlyForDeploymentPostprocessing = 0;
		};
/* End PBXResourcesBuildPhase section */

/* Begin PBXSourcesBuildPhase section */
		FE07C83227E84CD80018049F /* Sources */ = {
			isa = PBXSourcesBuildPhase;
			buildActionMask = 2147483647;
			files = (
				FED6ABC3280F216D0072A961 /* SearchView.swift in Sources */,
				FEE21CC5281D132A00752B8C /* Stars.swift in Sources */,
				FE8DEA022804964C0079386A /* HomeView.swift in Sources */,
				FEE5DE9A281306190088583F /* InputFile.swift in Sources */,
				FEE21CC4281D132A00752B8C /* BackG2.swift in Sources */,
				FED5937A281C0BCB0087FE3D /* Topic.swift in Sources */,
				FE2FFB1D281E6F58003D3696 /* AppleButton.swift in Sources */,
				FE47C24D27E973D9003E18BF /* AccountView.swift in Sources */,
				FEE21CB6281D132A00752B8C /* BoomerangLeft.swift in Sources */,
				FEE21CC0281D132A00752B8C /* BackG3.swift in Sources */,
				FEE21CCB281D132A00752B8C /* PurplePlanet.swift in Sources */,
				FE5F255B2818612E0071CCE4 /* CourseSection.swift in Sources */,
				FEE2AC41280AE43000FD9C2B /*  .swift in Sources */,
				FE5627A527F0DE4700E74D05 /* HexagonView.swift in Sources */,
				FED6ABC5280F2BCE0072A961 /* Suggestion.swift in Sources */,
				FE47C24927E9111E003E18BF /* Styles.swift in Sources */,
				FEE21CC6281D132A00752B8C /* BoomerangRight.swift in Sources */,
				FEE21CBE281D132A00752B8C /* BoomerangLeftTop.swift in Sources */,
				FEE21CCD281D132A00752B8C /* Blob1Graphic.swift in Sources */,
				FEE21CB7281D132A00752B8C /* InsideFace4.swift in Sources */,
				FEE21CB2281D132A00752B8C /* Wave1.swift in Sources */,
				FEE5DE9E28136E300088583F /* ModalView.swift in Sources */,
				FEE21CC1281D132A00752B8C /* InsideFace3.swift in Sources */,
				FEE5DEA328145CE70088583F /* AvatarView.swift in Sources */,
				FE2FFAF4281E4C29003D3696 /* VisualEffectBlur.swift in Sources */,
				FEE21CB4281D132A00752B8C /* Line2.swift in Sources */,
				FEE21CBC281D132A00752B8C /* InsideFace1.swift in Sources */,
				FE5F255928185AD40071CCE4 /* CircularView.swift in Sources */,
				FED59372281BE5310087FE3D /* ExploreView.swift in Sources */,
				FE2FFAF3281E4C29003D3696 /* ImagePicker.swift in Sources */,
				FEE21CBF281D132A00752B8C /* Blob2Graphic.swift in Sources */,
				FE108DA827F25E7400D022B1 /* Tab.swift in Sources */,
				FE8DEA0C28049EEC0079386A /* NavigationBar.swift in Sources */,
				FEE21CC2281D132A00752B8C /* RedPlanet.swift in Sources */,
				FEE21CC7281D132A00752B8C /* Blob3Graphic.swift in Sources */,
				FE6BE6E028104018002BBF83 /* AngularButtonStyle.swift in Sources */,
				FE5627A727F2351C00E74D05 /* BlobView.swift in Sources */,
				FED59384281C66F70087FE3D /* NotficationsView.swift in Sources */,
				FEE21CB9281D132A00752B8C /* AccountBackground.swift in Sources */,
				FEE21CBD281D132A00752B8C /* Line1.swift in Sources */,
				FE07C83C27E84CD90018049F /* ContentView.swift in Sources */,
				FEE21CD6281D374C00752B8C /* Card.swift in Sources */,
				FE8DEA122805FF8A0079386A /* Course.swift in Sources */,
				FE07C83A27E84CD90018049F /* Learning_AppApp.swift in Sources */,
				FEE5DE9C281321E90088583F /* GradientText.swift in Sources */,
				FEE21CC8281D132A00752B8C /* MaskBlur.swift in Sources */,
				FEE21CB8281D132A00752B8C /* BigShape.swift in Sources */,
				FED59370281BE05C0087FE3D /* PlayView.swift in Sources */,
				FEE21CB5281D132A00752B8C /* BlobShapeTop.swift in Sources */,
				FEE21CCA281D132A00752B8C /* BoomerangBG.swift in Sources */,
				FED5938B281D0C680087FE3D /* Onboarding.swift in Sources */,
				FEE5DEA028136F100088583F /* SignInView.swift in Sources */,
				FEE21CBB281D132A00752B8C /* YellowPlanet.swift in Sources */,
				FE5F255D28186A9D0071CCE4 /* SectionRow.swift in Sources */,
				FED59388281C68FF0087FE3D /* CertificateView.swift in Sources */,
				FED5937C281C0BEE0087FE3D /* ListRow.swift in Sources */,
				FEE2AC3F280AE33200FD9C2B /* CourseItem.swift in Sources */,
				FEE21CCE281D132A00752B8C /* InsideFace5.swift in Sources */,
				FED59386281C68510087FE3D /* LibraryView.swift in Sources */,
				FEE21CB3281D132A00752B8C /* BackG1.swift in Sources */,
				FEE21CDA281D40A400752B8C /* OnboardingCard.swift in Sources */,
				FEE21CBA281D132A00752B8C /* Wave.swift in Sources */,
				FE8DEA0A28049D5B0079386A /* FeaturedItem.swift in Sources */,
				FEE21CCC281D132A00752B8C /* BG4.swift in Sources */,
				FE6BE6DE28103036002BBF83 /* SignUpView.swift in Sources */,
				FED59378281C06C40087FE3D /* HandbookItem.swift in Sources */,
				FEE2AC43280AEE1500FD9C2B /* Animations.swift in Sources */,
				FE8DEA0E2804AD8D0079386A /* PreferenceKeys.swift in Sources */,
				FEE21CC3281D132A00752B8C /* InsideFace2.swift in Sources */,
				FE5F255F281871070071CCE4 /* SectionView.swift in Sources */,
				FEE21CCF281D132A00752B8C /* FaceGraphic.swift in Sources */,
				FED59374281BE5F40087FE3D /* SmallCourseItem.swift in Sources */,
				FE4BD05B280D9A850026C6EF /* Model.swift in Sources */,
				FE5627AB27F24F1C00E74D05 /* TabBar.swift in Sources */,
				FE8DEA102805F4B00079386A /* AnimatableFontModifier.swift in Sources */,
				FED59376281C06910087FE3D /* Handbook.swift in Sources */,
				FEE21CC9281D132A00752B8C /* BackgroundShapes.swift in Sources */,
			);
			runOnlyForDeploymentPostprocessing = 0;
		};
/* End PBXSourcesBuildPhase section */

/* Begin XCBuildConfiguration section */
		FE07C84227E84CDB0018049F /* Debug */ = {
			isa = XCBuildConfiguration;
			buildSettings = {
				ALWAYS_SEARCH_USER_PATHS = NO;
				CLANG_ANALYZER_NONNULL = YES;
				CLANG_ANALYZER_NUMBER_OBJECT_CONVERSION = YES_AGGRESSIVE;
				CLANG_CXX_LANGUAGE_STANDARD = "gnu++17";
				CLANG_CXX_LIBRARY = "libc++";
				CLANG_ENABLE_MODULES = YES;
				CLANG_ENABLE_OBJC_ARC = YES;
				CLANG_ENABLE_OBJC_WEAK = YES;
				CLANG_WARN_BLOCK_CAPTURE_AUTORELEASING = YES;
				CLANG_WARN_BOOL_CONVERSION = YES;
				CLANG_WARN_COMMA = YES;
				CLANG_WARN_CONSTANT_CONVERSION = YES;
				CLANG_WARN_DEPRECATED_OBJC_IMPLEMENTATIONS = YES;
				CLANG_WARN_DIRECT_OBJC_ISA_USAGE = YES_ERROR;
				CLANG_WARN_DOCUMENTATION_COMMENTS = YES;
				CLANG_WARN_EMPTY_BODY = YES;
				CLANG_WARN_ENUM_CONVERSION = YES;
				CLANG_WARN_INFINITE_RECURSION = YES;
				CLANG_WARN_INT_CONVERSION = YES;
				CLANG_WARN_NON_LITERAL_NULL_CONVERSION = YES;
				CLANG_WARN_OBJC_IMPLICIT_RETAIN_SELF = YES;
				CLANG_WARN_OBJC_LITERAL_CONVERSION = YES;
				CLANG_WARN_OBJC_ROOT_CLASS = YES_ERROR;
				CLANG_WARN_QUOTED_INCLUDE_IN_FRAMEWORK_HEADER = YES;
				CLANG_WARN_RANGE_LOOP_ANALYSIS = YES;
				CLANG_WARN_STRICT_PROTOTYPES = YES;
				CLANG_WARN_SUSPICIOUS_MOVE = YES;
				CLANG_WARN_UNGUARDED_AVAILABILITY = YES_AGGRESSIVE;
				CLANG_WARN_UNREACHABLE_CODE = YES;
				CLANG_WARN__DUPLICATE_METHOD_MATCH = YES;
				COPY_PHASE_STRIP = NO;
				DEBUG_INFORMATION_FORMAT = dwarf;
				ENABLE_STRICT_OBJC_MSGSEND = YES;
				ENABLE_TESTABILITY = YES;
				GCC_C_LANGUAGE_STANDARD = gnu11;
				GCC_DYNAMIC_NO_PIC = NO;
				GCC_NO_COMMON_BLOCKS = YES;
				GCC_OPTIMIZATION_LEVEL = 0;
				GCC_PREPROCESSOR_DEFINITIONS = (
					"DEBUG=1",
					"$(inherited)",
				);
				GCC_WARN_64_TO_32_BIT_CONVERSION = YES;
				GCC_WARN_ABOUT_RETURN_TYPE = YES_ERROR;
				GCC_WARN_UNDECLARED_SELECTOR = YES;
				GCC_WARN_UNINITIALIZED_AUTOS = YES_AGGRESSIVE;
				GCC_WARN_UNUSED_FUNCTION = YES;
				GCC_WARN_UNUSED_VARIABLE = YES;
				IPHONEOS_DEPLOYMENT_TARGET = 15.2;
				MTL_ENABLE_DEBUG_INFO = INCLUDE_SOURCE;
				MTL_FAST_MATH = YES;
				ONLY_ACTIVE_ARCH = YES;
				SDKROOT = iphoneos;
				SWIFT_ACTIVE_COMPILATION_CONDITIONS = DEBUG;
				SWIFT_OPTIMIZATION_LEVEL = "-Onone";
			};
			name = Debug;
		};
		FE07C84327E84CDB0018049F /* Release */ = {
			isa = XCBuildConfiguration;
			buildSettings = {
				ALWAYS_SEARCH_USER_PATHS = NO;
				CLANG_ANALYZER_NONNULL = YES;
				CLANG_ANALYZER_NUMBER_OBJECT_CONVERSION = YES_AGGRESSIVE;
				CLANG_CXX_LANGUAGE_STANDARD = "gnu++17";
				CLANG_CXX_LIBRARY = "libc++";
				CLANG_ENABLE_MODULES = YES;
				CLANG_ENABLE_OBJC_ARC = YES;
				CLANG_ENABLE_OBJC_WEAK = YES;
				CLANG_WARN_BLOCK_CAPTURE_AUTORELEASING = YES;
				CLANG_WARN_BOOL_CONVERSION = YES;
				CLANG_WARN_COMMA = YES;
				CLANG_WARN_CONSTANT_CONVERSION = YES;
				CLANG_WARN_DEPRECATED_OBJC_IMPLEMENTATIONS = YES;
				CLANG_WARN_DIRECT_OBJC_ISA_USAGE = YES_ERROR;
				CLANG_WARN_DOCUMENTATION_COMMENTS = YES;
				CLANG_WARN_EMPTY_BODY = YES;
				CLANG_WARN_ENUM_CONVERSION = YES;
				CLANG_WARN_INFINITE_RECURSION = YES;
				CLANG_WARN_INT_CONVERSION = YES;
				CLANG_WARN_NON_LITERAL_NULL_CONVERSION = YES;
				CLANG_WARN_OBJC_IMPLICIT_RETAIN_SELF = YES;
				CLANG_WARN_OBJC_LITERAL_CONVERSION = YES;
				CLANG_WARN_OBJC_ROOT_CLASS = YES_ERROR;
				CLANG_WARN_QUOTED_INCLUDE_IN_FRAMEWORK_HEADER = YES;
				CLANG_WARN_RANGE_LOOP_ANALYSIS = YES;
				CLANG_WARN_STRICT_PROTOTYPES = YES;
				CLANG_WARN_SUSPICIOUS_MOVE = YES;
				CLANG_WARN_UNGUARDED_AVAILABILITY = YES_AGGRESSIVE;
				CLANG_WARN_UNREACHABLE_CODE = YES;
				CLANG_WARN__DUPLICATE_METHOD_MATCH = YES;
				COPY_PHASE_STRIP = NO;
				DEBUG_INFORMATION_FORMAT = "dwarf-with-dsym";
				ENABLE_NS_ASSERTIONS = NO;
				ENABLE_STRICT_OBJC_MSGSEND = YES;
				GCC_C_LANGUAGE_STANDARD = gnu11;
				GCC_NO_COMMON_BLOCKS = YES;
				GCC_WARN_64_TO_32_BIT_CONVERSION = YES;
				GCC_WARN_ABOUT_RETURN_TYPE = YES_ERROR;
				GCC_WARN_UNDECLARED_SELECTOR = YES;
				GCC_WARN_UNINITIALIZED_AUTOS = YES_AGGRESSIVE;
				GCC_WARN_UNUSED_FUNCTION = YES;
				GCC_WARN_UNUSED_VARIABLE = YES;
				IPHONEOS_DEPLOYMENT_TARGET = 15.2;
				MTL_ENABLE_DEBUG_INFO = NO;
				MTL_FAST_MATH = YES;
				SDKROOT = iphoneos;
				SWIFT_COMPILATION_MODE = wholemodule;
				SWIFT_OPTIMIZATION_LEVEL = "-O";
				VALIDATE_PRODUCT = YES;
			};
			name = Release;
		};
		FE07C84527E84CDB0018049F /* Debug */ = {
			isa = XCBuildConfiguration;
			buildSettings = {
				ASSETCATALOG_COMPILER_APPICON_NAME = AppIcon;
				ASSETCATALOG_COMPILER_GLOBAL_ACCENT_COLOR_NAME = AccentColor;
				CODE_SIGN_STYLE = Automatic;
				CURRENT_PROJECT_VERSION = 1;
				DEVELOPMENT_ASSET_PATHS = "\"Learning App/Preview Content\"";
				DEVELOPMENT_TEAM = 63S25U986H;
				ENABLE_PREVIEWS = YES;
				GENERATE_INFOPLIST_FILE = YES;
				INFOPLIST_KEY_UIApplicationSceneManifest_Generation = YES;
				INFOPLIST_KEY_UIApplicationSupportsIndirectInputEvents = YES;
				INFOPLIST_KEY_UILaunchScreen_Generation = YES;
				INFOPLIST_KEY_UISupportedInterfaceOrientations_iPad = "UIInterfaceOrientationPortrait UIInterfaceOrientationPortraitUpsideDown UIInterfaceOrientationLandscapeLeft UIInterfaceOrientationLandscapeRight";
				INFOPLIST_KEY_UISupportedInterfaceOrientations_iPhone = "UIInterfaceOrientationPortrait UIInterfaceOrientationLandscapeLeft UIInterfaceOrientationLandscapeRight";
				LD_RUNPATH_SEARCH_PATHS = (
					"$(inherited)",
					"@executable_path/Frameworks",
				);
				MARKETING_VERSION = 1.0;
				PRODUCT_BUNDLE_IDENTIFIER = "com.Amish.Learning-App";
				PRODUCT_NAME = "Learning App";
				SWIFT_EMIT_LOC_STRINGS = YES;
				SWIFT_VERSION = 5.0;
				TARGETED_DEVICE_FAMILY = "1,2";
			};
			name = Debug;
		};
		FE07C84627E84CDB0018049F /* Release */ = {
			isa = XCBuildConfiguration;
			buildSettings = {
				ASSETCATALOG_COMPILER_APPICON_NAME = AppIcon;
				ASSETCATALOG_COMPILER_GLOBAL_ACCENT_COLOR_NAME = AccentColor;
				CODE_SIGN_STYLE = Automatic;
				CURRENT_PROJECT_VERSION = 1;
				DEVELOPMENT_ASSET_PATHS = "\"Learning App/Preview Content\"";
				DEVELOPMENT_TEAM = 63S25U986H;
				ENABLE_PREVIEWS = YES;
				GENERATE_INFOPLIST_FILE = YES;
				INFOPLIST_KEY_UIApplicationSceneManifest_Generation = YES;
				INFOPLIST_KEY_UIApplicationSupportsIndirectInputEvents = YES;
				INFOPLIST_KEY_UILaunchScreen_Generation = YES;
				INFOPLIST_KEY_UISupportedInterfaceOrientations_iPad = "UIInterfaceOrientationPortrait UIInterfaceOrientationPortraitUpsideDown UIInterfaceOrientationLandscapeLeft UIInterfaceOrientationLandscapeRight";
				INFOPLIST_KEY_UISupportedInterfaceOrientations_iPhone = "UIInterfaceOrientationPortrait UIInterfaceOrientationLandscapeLeft UIInterfaceOrientationLandscapeRight";
				LD_RUNPATH_SEARCH_PATHS = (
					"$(inherited)",
					"@executable_path/Frameworks",
				);
				MARKETING_VERSION = 1.0;
				PRODUCT_BUNDLE_IDENTIFIER = "com.Amish.Learning-App";
				PRODUCT_NAME = "Learning App";
				SWIFT_EMIT_LOC_STRINGS = YES;
				SWIFT_VERSION = 5.0;
				TARGETED_DEVICE_FAMILY = "1,2";
			};
			name = Release;
		};
/* End XCBuildConfiguration section */

/* Begin XCConfigurationList section */
		FE07C83127E84CD80018049F /* Build configuration list for PBXProject "Learning App" */ = {
			isa = XCConfigurationList;
			buildConfigurations = (
				FE07C84227E84CDB0018049F /* Debug */,
				FE07C84327E84CDB0018049F /* Release */,
			);
			defaultConfigurationIsVisible = 0;
			defaultConfigurationName = Release;
		};
		FE07C84427E84CDB0018049F /* Build configuration list for PBXNativeTarget "Learning App" */ = {
			isa = XCConfigurationList;
			buildConfigurations = (
				FE07C84527E84CDB0018049F /* Debug */,
				FE07C84627E84CDB0018049F /* Release */,
			);
			defaultConfigurationIsVisible = 0;
			defaultConfigurationName = Release;
		};
/* End XCConfigurationList section */

/* Begin XCRemoteSwiftPackageReference section */
		FE2FFAF6281E5F3C003D3696 /* XCRemoteSwiftPackageReference "firebase-ios-sdk" */ = {
			isa = XCRemoteSwiftPackageReference;
			repositoryURL = "https://github.com/firebase/firebase-ios-sdk.git";
			requirement = {
				kind = upToNextMajorVersion;
				minimumVersion = 8.0.0;
			};
		};
		FEE21CD0281D145F00752B8C /* XCRemoteSwiftPackageReference "SwiftUIX" */ = {
			isa = XCRemoteSwiftPackageReference;
			repositoryURL = "https://github.com/SwiftUIX/SwiftUIX.git";
			requirement = {
				kind = upToNextMajorVersion;
				minimumVersion = 0.1.2;
			};
		};
/* End XCRemoteSwiftPackageReference section */

/* Begin XCSwiftPackageProductDependency section */
		FE2FFAF7281E5F3C003D3696 /* FirebaseAuth */ = {
			isa = XCSwiftPackageProductDependency;
			package = FE2FFAF6281E5F3C003D3696 /* XCRemoteSwiftPackageReference "firebase-ios-sdk" */;
			productName = FirebaseAuth;
		};
		FEE21CD1281D145F00752B8C /* SwiftUIX */ = {
			isa = XCSwiftPackageProductDependency;
			package = FEE21CD0281D145F00752B8C /* XCRemoteSwiftPackageReference "SwiftUIX" */;
			productName = SwiftUIX;
		};
/* End XCSwiftPackageProductDependency section */
	};
	rootObject = FE07C82E27E84CD80018049F /* Project object */;
}
