// !$*UTF8*$!
{
	archiveVersion = 1;
	classes = {
	};
	objectVersion = 55;
	objects = {

/* Begin PBXBuildFile section */
		FE07C83A27E84CD90018049F /* Learning_AppApp.swift in Sources */ = {isa = PBXBuildFile; fileRef = FE07C83927E84CD90018049F /* Learning_AppApp.swift */; };
		FE07C83C27E84CD90018049F /* ContentView.swift in Sources */ = {isa = PBXBuildFile; fileRef = FE07C83B27E84CD90018049F /* ContentView.swift */; };
		FE07C83E27E84CDB0018049F /* Assets.xcassets in Resources */ = {isa = PBXBuildFile; fileRef = FE07C83D27E84CDB0018049F /* Assets.xcassets */; };
		FE07C84127E84CDB0018049F /* Preview Assets.xcassets in Resources */ = {isa = PBXBuildFile; fileRef = FE07C84027E84CDB0018049F /* Preview Assets.xcassets */; };
		FE108DA827F25E7400D022B1 /* Tab.swift in Sources */ = {isa = PBXBuildFile; fileRef = FE108DA727F25E7400D022B1 /* Tab.swift */; };
		FE47C24927E9111E003E18BF /* Styles.swift in Sources */ = {isa = PBXBuildFile; fileRef = FE47C24827E9111E003E18BF /* Styles.swift */; };
		FE47C24D27E973D9003E18BF /* AccountView.swift in Sources */ = {isa = PBXBuildFile; fileRef = FE47C24C27E973D9003E18BF /* AccountView.swift */; };
		FE5627A527F0DE4700E74D05 /* HexagonView.swift in Sources */ = {isa = PBXBuildFile; fileRef = FE5627A427F0DE4700E74D05 /* HexagonView.swift */; };
		FE5627A727F2351C00E74D05 /* BlobView.swift in Sources */ = {isa = PBXBuildFile; fileRef = FE5627A627F2351C00E74D05 /* BlobView.swift */; };
		FE5627AB27F24F1C00E74D05 /* TabBar.swift in Sources */ = {isa = PBXBuildFile; fileRef = FE5627AA27F24F1C00E74D05 /* TabBar.swift */; };
		FE8DEA022804964C0079386A /* HomeView.swift in Sources */ = {isa = PBXBuildFile; fileRef = FE8DEA012804964C0079386A /* HomeView.swift */; };
/* End PBXBuildFile section */

/* Begin PBXFileReference section */
		FE07C83627E84CD90018049F /* Learning App.app */ = {isa = PBXFileReference; explicitFileType = wrapper.application; includeInIndex = 0; path = "Learning App.app"; sourceTree = BUILT_PRODUCTS_DIR; };
		FE07C83927E84CD90018049F /* Learning_AppApp.swift */ = {isa = PBXFileReference; lastKnownFileType = sourcecode.swift; path = Learning_AppApp.swift; sourceTree = "<group>"; };
		FE07C83B27E84CD90018049F /* ContentView.swift */ = {isa = PBXFileReference; lastKnownFileType = sourcecode.swift; path = ContentView.swift; sourceTree = "<group>"; };
		FE07C83D27E84CDB0018049F /* Assets.xcassets */ = {isa = PBXFileReference; lastKnownFileType = folder.assetcatalog; path = Assets.xcassets; sourceTree = "<group>"; };
		FE07C84027E84CDB0018049F /* Preview Assets.xcassets */ = {isa = PBXFileReference; lastKnownFileType = folder.assetcatalog; path = "Preview Assets.xcassets"; sourceTree = "<group>"; };
		FE108DA727F25E7400D022B1 /* Tab.swift */ = {isa = PBXFileReference; lastKnownFileType = sourcecode.swift; path = Tab.swift; sourceTree = "<group>"; };
		FE47C24827E9111E003E18BF /* Styles.swift */ = {isa = PBXFileReference; lastKnownFileType = sourcecode.swift; path = Styles.swift; sourceTree = "<group>"; };
		FE47C24C27E973D9003E18BF /* AccountView.swift */ = {isa = PBXFileReference; lastKnownFileType = sourcecode.swift; path = AccountView.swift; sourceTree = "<group>"; };
		FE5627A427F0DE4700E74D05 /* HexagonView.swift */ = {isa = PBXFileReference; lastKnownFileType = sourcecode.swift; path = HexagonView.swift; sourceTree = "<group>"; };
		FE5627A627F2351C00E74D05 /* BlobView.swift */ = {isa = PBXFileReference; lastKnownFileType = sourcecode.swift; path = BlobView.swift; sourceTree = "<group>"; };
		FE5627AA27F24F1C00E74D05 /* TabBar.swift */ = {isa = PBXFileReference; lastKnownFileType = sourcecode.swift; path = TabBar.swift; sourceTree = "<group>"; };
		FE8DEA012804964C0079386A /* HomeView.swift */ = {isa = PBXFileReference; lastKnownFileType = sourcecode.swift; path = HomeView.swift; sourceTree = "<group>"; };
/* End PBXFileReference section */

/* Begin PBXFrameworksBuildPhase section */
		FE07C83327E84CD80018049F /* Frameworks */ = {
			isa = PBXFrameworksBuildPhase;
			buildActionMask = 2147483647;
			files = (
			);
			runOnlyForDeploymentPostprocessing = 0;
		};
/* End PBXFrameworksBuildPhase section */

/* Begin PBXGroup section */
		FE07C82D27E84CD80018049F = {
			isa = PBXGroup;
			children = (
				FE07C83827E84CD90018049F /* Learning App */,
				FE07C83727E84CD90018049F /* Products */,
			);
			sourceTree = "<group>";
		};
		FE07C83727E84CD90018049F /* Products */ = {
			isa = PBXGroup;
			children = (
				FE07C83627E84CD90018049F /* Learning App.app */,
			);
			name = Products;
			sourceTree = "<group>";
		};
		FE07C83827E84CD90018049F /* Learning App */ = {
			isa = PBXGroup;
			children = (
				FE07C83927E84CD90018049F /* Learning_AppApp.swift */,
				FE8DEA032804984C0079386A /* Navigation */,
				FE8DEA04280498750079386A /* Views */,
				FE8DEA072804989C0079386A /* Models */,
				FE8DEA05280498860079386A /* Components */,
				FE8DEA062804988F0079386A /* Styles */,
				FE07C83D27E84CDB0018049F /* Assets.xcassets */,
				FE07C83F27E84CDB0018049F /* Preview Content */,
			);
			path = "Learning App";
			sourceTree = "<group>";
		};
		FE07C83F27E84CDB0018049F /* Preview Content */ = {
			isa = PBXGroup;
			children = (
				FE07C84027E84CDB0018049F /* Preview Assets.xcassets */,
			);
			path = "Preview Content";
			sourceTree = "<group>";
		};
		FE8DEA032804984C0079386A /* Navigation */ = {
			isa = PBXGroup;
			children = (
				FE07C83B27E84CD90018049F /* ContentView.swift */,
				FE5627AA27F24F1C00E74D05 /* TabBar.swift */,
			);
			path = Navigation;
			sourceTree = "<group>";
		};
		FE8DEA04280498750079386A /* Views */ = {
			isa = PBXGroup;
			children = (
				FE8DEA012804964C0079386A /* HomeView.swift */,
				FE47C24C27E973D9003E18BF /* AccountView.swift */,
			);
			path = Views;
			sourceTree = "<group>";
		};
		FE8DEA05280498860079386A /* Components */ = {
			isa = PBXGroup;
			children = (
				FE5627A427F0DE4700E74D05 /* HexagonView.swift */,
				FE5627A627F2351C00E74D05 /* BlobView.swift */,
			);
			path = Components;
			sourceTree = "<group>";
		};
		FE8DEA062804988F0079386A /* Styles */ = {
			isa = PBXGroup;
			children = (
				FE47C24827E9111E003E18BF /* Styles.swift */,
			);
			path = Styles;
			sourceTree = "<group>";
		};
		FE8DEA072804989C0079386A /* Models */ = {
			isa = PBXGroup;
			children = (
				FE108DA727F25E7400D022B1 /* Tab.swift */,
			);
			path = Models;
			sourceTree = "<group>";
		};
/* End PBXGroup section */

/* Begin PBXNativeTarget section */
		FE07C83527E84CD80018049F /* Learning App */ = {
			isa = PBXNativeTarget;
			buildConfigurationList = FE07C84427E84CDB0018049F /* Build configuration list for PBXNativeTarget "Learning App" */;
			buildPhases = (
				FE07C83227E84CD80018049F /* Sources */,
				FE07C83327E84CD80018049F /* Frameworks */,
				FE07C83427E84CD80018049F /* Resources */,
			);
			buildRules = (
			);
			dependencies = (
			);
			name = "Learning App";
			productName = "Learning App";
			productReference = FE07C83627E84CD90018049F /* Learning App.app */;
			productType = "com.apple.product-type.application";
		};
/* End PBXNativeTarget section */

/* Begin PBXProject section */
		FE07C82E27E84CD80018049F /* Project object */ = {
			isa = PBXProject;
			attributes = {
				BuildIndependentTargetsInParallel = 1;
				LastSwiftUpdateCheck = 1320;
				LastUpgradeCheck = 1320;
				TargetAttributes = {
					FE07C83527E84CD80018049F = {
						CreatedOnToolsVersion = 13.2.1;
					};
				};
			};
			buildConfigurationList = FE07C83127E84CD80018049F /* Build configuration list for PBXProject "Learning App" */;
			compatibilityVersion = "Xcode 13.0";
			developmentRegion = en;
			hasScannedForEncodings = 0;
			knownRegions = (
				en,
				Base,
			);
			mainGroup = FE07C82D27E84CD80018049F;
			productRefGroup = FE07C83727E84CD90018049F /* Products */;
			projectDirPath = "";
			projectRoot = "";
			targets = (
				FE07C83527E84CD80018049F /* Learning App */,
			);
		};
/* End PBXProject section */

/* Begin PBXResourcesBuildPhase section */
		FE07C83427E84CD80018049F /* Resources */ = {
			isa = PBXResourcesBuildPhase;
			buildActionMask = 2147483647;
			files = (
				FE07C84127E84CDB0018049F /* Preview Assets.xcassets in Resources */,
				FE07C83E27E84CDB0018049F /* Assets.xcassets in Resources */,
			);
			runOnlyForDeploymentPostprocessing = 0;
		};
/* End PBXResourcesBuildPhase section */

/* Begin PBXSourcesBuildPhase section */
		FE07C83227E84CD80018049F /* Sources */ = {
			isa = PBXSourcesBuildPhase;
			buildActionMask = 2147483647;
			files = (
				FE8DEA022804964C0079386A /* HomeView.swift in Sources */,
				FE47C24D27E973D9003E18BF /* AccountView.swift in Sources */,
				FE5627A527F0DE4700E74D05 /* HexagonView.swift in Sources */,
				FE47C24927E9111E003E18BF /* Styles.swift in Sources */,
				FE108DA827F25E7400D022B1 /* Tab.swift in Sources */,
				FE5627A727F2351C00E74D05 /* BlobView.swift in Sources */,
				FE07C83C27E84CD90018049F /* ContentView.swift in Sources */,
				FE07C83A27E84CD90018049F /* Learning_AppApp.swift in Sources */,
				FE5627AB27F24F1C00E74D05 /* TabBar.swift in Sources */,
			);
			runOnlyForDeploymentPostprocessing = 0;
		};
/* End PBXSourcesBuildPhase section */

/* Begin XCBuildConfiguration section */
		FE07C84227E84CDB0018049F /* Debug */ = {
			isa = XCBuildConfiguration;
			buildSettings = {
				ALWAYS_SEARCH_USER_PATHS = NO;
				CLANG_ANALYZER_NONNULL = YES;
				CLANG_ANALYZER_NUMBER_OBJECT_CONVERSION = YES_AGGRESSIVE;
				CLANG_CXX_LANGUAGE_STANDARD = "gnu++17";
				CLANG_CXX_LIBRARY = "libc++";
				CLANG_ENABLE_MODULES = YES;
				CLANG_ENABLE_OBJC_ARC = YES;
				CLANG_ENABLE_OBJC_WEAK = YES;
				CLANG_WARN_BLOCK_CAPTURE_AUTORELEASING = YES;
				CLANG_WARN_BOOL_CONVERSION = YES;
				CLANG_WARN_COMMA = YES;
				CLANG_WARN_CONSTANT_CONVERSION = YES;
				CLANG_WARN_DEPRECATED_OBJC_IMPLEMENTATIONS = YES;
				CLANG_WARN_DIRECT_OBJC_ISA_USAGE = YES_ERROR;
				CLANG_WARN_DOCUMENTATION_COMMENTS = YES;
				CLANG_WARN_EMPTY_BODY = YES;
				CLANG_WARN_ENUM_CONVERSION = YES;
				CLANG_WARN_INFINITE_RECURSION = YES;
				CLANG_WARN_INT_CONVERSION = YES;
				CLANG_WARN_NON_LITERAL_NULL_CONVERSION = YES;
				CLANG_WARN_OBJC_IMPLICIT_RETAIN_SELF = YES;
				CLANG_WARN_OBJC_LITERAL_CONVERSION = YES;
				CLANG_WARN_OBJC_ROOT_CLASS = YES_ERROR;
				CLANG_WARN_QUOTED_INCLUDE_IN_FRAMEWORK_HEADER = YES;
				CLANG_WARN_RANGE_LOOP_ANALYSIS = YES;
				CLANG_WARN_STRICT_PROTOTYPES = YES;
				CLANG_WARN_SUSPICIOUS_MOVE = YES;
				CLANG_WARN_UNGUARDED_AVAILABILITY = YES_AGGRESSIVE;
				CLANG_WARN_UNREACHABLE_CODE = YES;
				CLANG_WARN__DUPLICATE_METHOD_MATCH = YES;
				COPY_PHASE_STRIP = NO;
				DEBUG_INFORMATION_FORMAT = dwarf;
				ENABLE_STRICT_OBJC_MSGSEND = YES;
				ENABLE_TESTABILITY = YES;
				GCC_C_LANGUAGE_STANDARD = gnu11;
				GCC_DYNAMIC_NO_PIC = NO;
				GCC_NO_COMMON_BLOCKS = YES;
				GCC_OPTIMIZATION_LEVEL = 0;
				GCC_PREPROCESSOR_DEFINITIONS = (
					"DEBUG=1",
					"$(inherited)",
				);
				GCC_WARN_64_TO_32_BIT_CONVERSION = YES;
				GCC_WARN_ABOUT_RETURN_TYPE = YES_ERROR;
				GCC_WARN_UNDECLARED_SELECTOR = YES;
				GCC_WARN_UNINITIALIZED_AUTOS = YES_AGGRESSIVE;
				GCC_WARN_UNUSED_FUNCTION = YES;
				GCC_WARN_UNUSED_VARIABLE = YES;
				IPHONEOS_DEPLOYMENT_TARGET = 15.2;
				MTL_ENABLE_DEBUG_INFO = INCLUDE_SOURCE;
				MTL_FAST_MATH = YES;
				ONLY_ACTIVE_ARCH = YES;
				SDKROOT = iphoneos;
				SWIFT_ACTIVE_COMPILATION_CONDITIONS = DEBUG;
				SWIFT_OPTIMIZATION_LEVEL = "-Onone";
			};
			name = Debug;
		};
		FE07C84327E84CDB0018049F /* Release */ = {
			isa = XCBuildConfiguration;
			buildSettings = {
				ALWAYS_SEARCH_USER_PATHS = NO;
				CLANG_ANALYZER_NONNULL = YES;
				CLANG_ANALYZER_NUMBER_OBJECT_CONVERSION = YES_AGGRESSIVE;
				CLANG_CXX_LANGUAGE_STANDARD = "gnu++17";
				CLANG_CXX_LIBRARY = "libc++";
				CLANG_ENABLE_MODULES = YES;
				CLANG_ENABLE_OBJC_ARC = YES;
				CLANG_ENABLE_OBJC_WEAK = YES;
				CLANG_WARN_BLOCK_CAPTURE_AUTORELEASING = YES;
				CLANG_WARN_BOOL_CONVERSION = YES;
				CLANG_WARN_COMMA = YES;
				CLANG_WARN_CONSTANT_CONVERSION = YES;
				CLANG_WARN_DEPRECATED_OBJC_IMPLEMENTATIONS = YES;
				CLANG_WARN_DIRECT_OBJC_ISA_USAGE = YES_ERROR;
				CLANG_WARN_DOCUMENTATION_COMMENTS = YES;
				CLANG_WARN_EMPTY_BODY = YES;
				CLANG_WARN_ENUM_CONVERSION = YES;
				CLANG_WARN_INFINITE_RECURSION = YES;
				CLANG_WARN_INT_CONVERSION = YES;
				CLANG_WARN_NON_LITERAL_NULL_CONVERSION = YES;
				CLANG_WARN_OBJC_IMPLICIT_RETAIN_SELF = YES;
				CLANG_WARN_OBJC_LITERAL_CONVERSION = YES;
				CLANG_WARN_OBJC_ROOT_CLASS = YES_ERROR;
				CLANG_WARN_QUOTED_INCLUDE_IN_FRAMEWORK_HEADER = YES;
				CLANG_WARN_RANGE_LOOP_ANALYSIS = YES;
				CLANG_WARN_STRICT_PROTOTYPES = YES;
				CLANG_WARN_SUSPICIOUS_MOVE = YES;
				CLANG_WARN_UNGUARDED_AVAILABILITY = YES_AGGRESSIVE;
				CLANG_WARN_UNREACHABLE_CODE = YES;
				CLANG_WARN__DUPLICATE_METHOD_MATCH = YES;
				COPY_PHASE_STRIP = NO;
				DEBUG_INFORMATION_FORMAT = "dwarf-with-dsym";
				ENABLE_NS_ASSERTIONS = NO;
				ENABLE_STRICT_OBJC_MSGSEND = YES;
				GCC_C_LANGUAGE_STANDARD = gnu11;
				GCC_NO_COMMON_BLOCKS = YES;
				GCC_WARN_64_TO_32_BIT_CONVERSION = YES;
				GCC_WARN_ABOUT_RETURN_TYPE = YES_ERROR;
				GCC_WARN_UNDECLARED_SELECTOR = YES;
				GCC_WARN_UNINITIALIZED_AUTOS = YES_AGGRESSIVE;
				GCC_WARN_UNUSED_FUNCTION = YES;
				GCC_WARN_UNUSED_VARIABLE = YES;
				IPHONEOS_DEPLOYMENT_TARGET = 15.2;
				MTL_ENABLE_DEBUG_INFO = NO;
				MTL_FAST_MATH = YES;
				SDKROOT = iphoneos;
				SWIFT_COMPILATION_MODE = wholemodule;
				SWIFT_OPTIMIZATION_LEVEL = "-O";
				VALIDATE_PRODUCT = YES;
			};
			name = Release;
		};
		FE07C84527E84CDB0018049F /* Debug */ = {
			isa = XCBuildConfiguration;
			buildSettings = {
				ASSETCATALOG_COMPILER_APPICON_NAME = AppIcon;
				ASSETCATALOG_COMPILER_GLOBAL_ACCENT_COLOR_NAME = AccentColor;
				CODE_SIGN_STYLE = Automatic;
				CURRENT_PROJECT_VERSION = 1;
				DEVELOPMENT_ASSET_PATHS = "\"Learning App/Preview Content\"";
				DEVELOPMENT_TEAM = 63S25U986H;
				ENABLE_PREVIEWS = YES;
				GENERATE_INFOPLIST_FILE = YES;
				INFOPLIST_KEY_UIApplicationSceneManifest_Generation = YES;
				INFOPLIST_KEY_UIApplicationSupportsIndirectInputEvents = YES;
				INFOPLIST_KEY_UILaunchScreen_Generation = YES;
				INFOPLIST_KEY_UISupportedInterfaceOrientations_iPad = "UIInterfaceOrientationPortrait UIInterfaceOrientationPortraitUpsideDown UIInterfaceOrientationLandscapeLeft UIInterfaceOrientationLandscapeRight";
				INFOPLIST_KEY_UISupportedInterfaceOrientations_iPhone = "UIInterfaceOrientationPortrait UIInterfaceOrientationLandscapeLeft UIInterfaceOrientationLandscapeRight";
				LD_RUNPATH_SEARCH_PATHS = (
					"$(inherited)",
					"@executable_path/Frameworks",
				);
				MARKETING_VERSION = 1.0;
				PRODUCT_BUNDLE_IDENTIFIER = "com.Amish.Learning-App";
				PRODUCT_NAME = "$(TARGET_NAME)";
				SWIFT_EMIT_LOC_STRINGS = YES;
				SWIFT_VERSION = 5.0;
				TARGETED_DEVICE_FAMILY = "1,2";
			};
			name = Debug;
		};
		FE07C84627E84CDB0018049F /* Release */ = {
			isa = XCBuildConfiguration;
			buildSettings = {
				ASSETCATALOG_COMPILER_APPICON_NAME = AppIcon;
				ASSETCATALOG_COMPILER_GLOBAL_ACCENT_COLOR_NAME = AccentColor;
				CODE_SIGN_STYLE = Automatic;
				CURRENT_PROJECT_VERSION = 1;
				DEVELOPMENT_ASSET_PATHS = "\"Learning App/Preview Content\"";
				DEVELOPMENT_TEAM = 63S25U986H;
				ENABLE_PREVIEWS = YES;
				GENERATE_INFOPLIST_FILE = YES;
				INFOPLIST_KEY_UIApplicationSceneManifest_Generation = YES;
				INFOPLIST_KEY_UIApplicationSupportsIndirectInputEvents = YES;
				INFOPLIST_KEY_UILaunchScreen_Generation = YES;
				INFOPLIST_KEY_UISupportedInterfaceOrientations_iPad = "UIInterfaceOrientationPortrait UIInterfaceOrientationPortraitUpsideDown UIInterfaceOrientationLandscapeLeft UIInterfaceOrientationLandscapeRight";
				INFOPLIST_KEY_UISupportedInterfaceOrientations_iPhone = "UIInterfaceOrientationPortrait UIInterfaceOrientationLandscapeLeft UIInterfaceOrientationLandscapeRight";
				LD_RUNPATH_SEARCH_PATHS = (
					"$(inherited)",
					"@executable_path/Frameworks",
				);
				MARKETING_VERSION = 1.0;
				PRODUCT_BUNDLE_IDENTIFIER = "com.Amish.Learning-App";
				PRODUCT_NAME = "$(TARGET_NAME)";
				SWIFT_EMIT_LOC_STRINGS = YES;
				SWIFT_VERSION = 5.0;
				TARGETED_DEVICE_FAMILY = "1,2";
			};
			name = Release;
		};
/* End XCBuildConfiguration section */

/* Begin XCConfigurationList section */
		FE07C83127E84CD80018049F /* Build configuration list for PBXProject "Learning App" */ = {
			isa = XCConfigurationList;
			buildConfigurations = (
				FE07C84227E84CDB0018049F /* Debug */,
				FE07C84327E84CDB0018049F /* Release */,
			);
			defaultConfigurationIsVisible = 0;
			defaultConfigurationName = Release;
		};
		FE07C84427E84CDB0018049F /* Build configuration list for PBXNativeTarget "Learning App" */ = {
			isa = XCConfigurationList;
			buildConfigurations = (
				FE07C84527E84CDB0018049F /* Debug */,
				FE07C84627E84CDB0018049F /* Release */,
			);
			defaultConfigurationIsVisible = 0;
			defaultConfigurationName = Release;
		};
/* End XCConfigurationList section */
	};
	rootObject = FE07C82E27E84CD80018049F /* Project object */;
}
